
Microsoft Visual Studio Solution File, Format Version 12.00
# Visual Studio 15
VisualStudioVersion = 15.0.28307.1340
MinimumVisualStudioVersion = 10.0.40219.1
Project("{FAE04EC0-301F-11D3-BF4B-00C04F79EFBC}") = "Data_Context_Services", "Data_Context_Services\Data_Context_Services.csproj", "{DDD95E73-73E9-478E-B669-6FD479763DFB}"
EndProject
Project("{FAE04EC0-301F-11D3-BF4B-00C04F79EFBC}") = "Integration_Models", "Integration_Models\Integration_Models.csproj", "{91995BC0-67F8-4371-95B2-788BF30980E6}"
EndProject
Project("{FAE04EC0-301F-11D3-BF4B-00C04F79EFBC}") = "Integraion_Abstration_Services", "Integraion_Abstration_Services\Integraion_Abstration_Services.csproj", "{141703F0-1624-4076-9F7E-FF109ADC9953}"
EndProject
Project("{FAE04EC0-301F-11D3-BF4B-00C04F79EFBC}") = "Integration_Interface", "Integration_Interface\Integration_Interface.csproj", "{8A73F97A-EAA4-4E24-A145-7635F5AB33F9}"
EndProject
Project("{FAE04EC0-301F-11D3-BF4B-00C04F79EFBC}") = "Integration_Web_Application", "Integration_Web_Application\Integration_Web_Application.csproj", "{4DF416D4-456D-4927-9D8E-C708E78C9AE1}"
EndProject
Global
	GlobalSection(SolutionConfigurationPlatforms) = preSolution
		Debug|Any CPU = Debug|Any CPU
		Release|Any CPU = Release|Any CPU
	EndGlobalSection
	GlobalSection(ProjectConfigurationPlatforms) = postSolution
		{DDD95E73-73E9-478E-B669-6FD479763DFB}.Debug|Any CPU.ActiveCfg = Debug|Any CPU
		{DDD95E73-73E9-478E-B669-6FD479763DFB}.Debug|Any CPU.Build.0 = Debug|Any CPU
		{DDD95E73-73E9-478E-B669-6FD479763DFB}.Release|Any CPU.ActiveCfg = Release|Any CPU
		{DDD95E73-73E9-478E-B669-6FD479763DFB}.Release|Any CPU.Build.0 = Release|Any CPU
		{91995BC0-67F8-4371-95B2-788BF30980E6}.Debug|Any CPU.ActiveCfg = Debug|Any CPU
		{91995BC0-67F8-4371-95B2-788BF30980E6}.Debug|Any CPU.Build.0 = Debug|Any CPU
		{91995BC0-67F8-4371-95B2-788BF30980E6}.Release|Any CPU.ActiveCfg = Release|Any CPU
		{91995BC0-67F8-4371-95B2-788BF30980E6}.Release|Any CPU.Build.0 = Release|Any CPU
		{141703F0-1624-4076-9F7E-FF109ADC9953}.Debug|Any CPU.ActiveCfg = Debug|Any CPU
		{141703F0-1624-4076-9F7E-FF109ADC9953}.Debug|Any CPU.Build.0 = Debug|Any CPU
		{141703F0-1624-4076-9F7E-FF109ADC9953}.Release|Any CPU.ActiveCfg = Release|Any CPU
		{141703F0-1624-4076-9F7E-FF109ADC9953}.Release|Any CPU.Build.0 = Release|Any CPU
		{8A73F97A-EAA4-4E24-A145-7635F5AB33F9}.Debug|Any CPU.ActiveCfg = Debug|Any CPU
		{8A73F97A-EAA4-4E24-A145-7635F5AB33F9}.Debug|Any CPU.Build.0 = Debug|Any CPU
		{8A73F97A-EAA4-4E24-A145-7635F5AB33F9}.Release|Any CPU.ActiveCfg = Release|Any CPU
		{8A73F97A-EAA4-4E24-A145-7635F5AB33F9}.Release|Any CPU.Build.0 = Release|Any CPU
		{4DF416D4-456D-4927-9D8E-C708E78C9AE1}.Debug|Any CPU.ActiveCfg = Debug|Any CPU
		{4DF416D4-456D-4927-9D8E-C708E78C9AE1}.Debug|Any CPU.Build.0 = Debug|Any CPU
		{4DF416D4-456D-4927-9D8E-C708E78C9AE1}.Release|Any CPU.ActiveCfg = Release|Any CPU
		{4DF416D4-456D-4927-9D8E-C708E78C9AE1}.Release|Any CPU.Build.0 = Release|Any CPU
	EndGlobalSection
	GlobalSection(SolutionProperties) = preSolution
		HideSolutionNode = FALSE
	EndGlobalSection
	GlobalSection(ExtensibilityGlobals) = postSolution
		SolutionGuid = {2A79DA31-65A0-40AE-8282-232B36616A67}
	EndGlobalSection
EndGlobal
